// !$*UTF8*$!
{
	archiveVersion = 1;
	classes = {
	};
	objectVersion = 46;
	objects = {

/* Begin PBXBuildFile section */
		E698AA691CE660C1007A6D22 /* AppDelegate.swift in Sources */ = {isa = PBXBuildFile; fileRef = E698AA681CE660C1007A6D22 /* AppDelegate.swift */; };
		E698AA6B1CE660C1007A6D22 /* ViewController.swift in Sources */ = {isa = PBXBuildFile; fileRef = E698AA6A1CE660C1007A6D22 /* ViewController.swift */; };
		E698AA6E1CE660C1007A6D22 /* Main.storyboard in Resources */ = {isa = PBXBuildFile; fileRef = E698AA6C1CE660C1007A6D22 /* Main.storyboard */; };
		E698AA701CE660C1007A6D22 /* Assets.xcassets in Resources */ = {isa = PBXBuildFile; fileRef = E698AA6F1CE660C1007A6D22 /* Assets.xcassets */; };
		E698AA731CE660C1007A6D22 /* LaunchScreen.storyboard in Resources */ = {isa = PBXBuildFile; fileRef = E698AA711CE660C1007A6D22 /* LaunchScreen.storyboard */; };
		E698AA811CE66135007A6D22 /* ActionViewController.swift in Sources */ = {isa = PBXBuildFile; fileRef = E698AA801CE66135007A6D22 /* ActionViewController.swift */; };
		E698AA841CE66135007A6D22 /* MainInterface.storyboard in Resources */ = {isa = PBXBuildFile; fileRef = E698AA821CE66135007A6D22 /* MainInterface.storyboard */; };
		E698AA881CE66135007A6D22 /* SubscribeExtension.appex in Embed App Extensions */ = {isa = PBXBuildFile; fileRef = E698AA7E1CE66135007A6D22 /* SubscribeExtension.appex */; settings = {ATTRIBUTES = (RemoveHeadersOnCopy, ); }; };
		E698AA8E1CE661AA007A6D22 /* Action.js in Resources */ = {isa = PBXBuildFile; fileRef = E698AA8D1CE661AA007A6D22 /* Action.js */; };
/* End PBXBuildFile section */

/* Begin PBXContainerItemProxy section */
		E698AA861CE66135007A6D22 /* PBXContainerItemProxy */ = {
			isa = PBXContainerItemProxy;
			containerPortal = E698AA5D1CE660C1007A6D22 /* Project object */;
			proxyType = 1;
			remoteGlobalIDString = E698AA7D1CE66135007A6D22;
			remoteInfo = SubscribeExtension;
		};
/* End PBXContainerItemProxy section */

/* Begin PBXCopyFilesBuildPhase section */
		E698AA8C1CE66136007A6D22 /* Embed App Extensions */ = {
			isa = PBXCopyFilesBuildPhase;
			buildActionMask = 2147483647;
			dstPath = "";
			dstSubfolderSpec = 13;
			files = (
				E698AA881CE66135007A6D22 /* SubscribeExtension.appex in Embed App Extensions */,
			);
			name = "Embed App Extensions";
			runOnlyForDeploymentPostprocessing = 0;
		};
/* End PBXCopyFilesBuildPhase section */

/* Begin PBXFileReference section */
		E698AA651CE660C1007A6D22 /* NotifyMe.app */ = {isa = PBXFileReference; explicitFileType = wrapper.application; includeInIndex = 0; path = NotifyMe.app; sourceTree = BUILT_PRODUCTS_DIR; };
		E698AA681CE660C1007A6D22 /* AppDelegate.swift */ = {isa = PBXFileReference; lastKnownFileType = sourcecode.swift; path = AppDelegate.swift; sourceTree = "<group>"; };
		E698AA6A1CE660C1007A6D22 /* ViewController.swift */ = {isa = PBXFileReference; lastKnownFileType = sourcecode.swift; path = ViewController.swift; sourceTree = "<group>"; };
		E698AA6D1CE660C1007A6D22 /* Base */ = {isa = PBXFileReference; lastKnownFileType = file.storyboard; name = Base; path = Base.lproj/Main.storyboard; sourceTree = "<group>"; };
		E698AA6F1CE660C1007A6D22 /* Assets.xcassets */ = {isa = PBXFileReference; lastKnownFileType = folder.assetcatalog; path = Assets.xcassets; sourceTree = "<group>"; };
		E698AA721CE660C1007A6D22 /* Base */ = {isa = PBXFileReference; lastKnownFileType = file.storyboard; name = Base; path = Base.lproj/LaunchScreen.storyboard; sourceTree = "<group>"; };
		E698AA741CE660C1007A6D22 /* Info.plist */ = {isa = PBXFileReference; lastKnownFileType = text.plist.xml; path = Info.plist; sourceTree = "<group>"; };
		E698AA7E1CE66135007A6D22 /* SubscribeExtension.appex */ = {isa = PBXFileReference; explicitFileType = "wrapper.app-extension"; includeInIndex = 0; path = SubscribeExtension.appex; sourceTree = BUILT_PRODUCTS_DIR; };
		E698AA801CE66135007A6D22 /* ActionViewController.swift */ = {isa = PBXFileReference; lastKnownFileType = sourcecode.swift; path = ActionViewController.swift; sourceTree = "<group>"; };
		E698AA831CE66135007A6D22 /* Base */ = {isa = PBXFileReference; lastKnownFileType = file.storyboard; name = Base; path = Base.lproj/MainInterface.storyboard; sourceTree = "<group>"; };
		E698AA851CE66135007A6D22 /* Info.plist */ = {isa = PBXFileReference; lastKnownFileType = text.plist.xml; path = Info.plist; sourceTree = "<group>"; };
		E698AA8D1CE661AA007A6D22 /* Action.js */ = {isa = PBXFileReference; fileEncoding = 4; lastKnownFileType = sourcecode.javascript; path = Action.js; sourceTree = "<group>"; };
/* End PBXFileReference section */

/* Begin PBXFrameworksBuildPhase section */
		E698AA621CE660C1007A6D22 /* Frameworks */ = {
			isa = PBXFrameworksBuildPhase;
			buildActionMask = 2147483647;
			files = (
			);
			runOnlyForDeploymentPostprocessing = 0;
		};
		E698AA7B1CE66135007A6D22 /* Frameworks */ = {
			isa = PBXFrameworksBuildPhase;
			buildActionMask = 2147483647;
			files = (
			);
			runOnlyForDeploymentPostprocessing = 0;
		};
/* End PBXFrameworksBuildPhase section */

/* Begin PBXGroup section */
		E698AA5C1CE660C1007A6D22 = {
			isa = PBXGroup;
			children = (
				E698AA671CE660C1007A6D22 /* NotifyMe */,
				E698AA7F1CE66135007A6D22 /* SubscribeExtension */,
				E698AA661CE660C1007A6D22 /* Products */,
			);
			sourceTree = "<group>";
		};
		E698AA661CE660C1007A6D22 /* Products */ = {
			isa = PBXGroup;
			children = (
				E698AA651CE660C1007A6D22 /* NotifyMe.app */,
				E698AA7E1CE66135007A6D22 /* SubscribeExtension.appex */,
			);
			name = Products;
			sourceTree = "<group>";
		};
		E698AA671CE660C1007A6D22 /* NotifyMe */ = {
			isa = PBXGroup;
			children = (
				E698AA681CE660C1007A6D22 /* AppDelegate.swift */,
				E698AA6A1CE660C1007A6D22 /* ViewController.swift */,
				E698AA6C1CE660C1007A6D22 /* Main.storyboard */,
				E698AA6F1CE660C1007A6D22 /* Assets.xcassets */,
				E698AA711CE660C1007A6D22 /* LaunchScreen.storyboard */,
				E698AA741CE660C1007A6D22 /* Info.plist */,
			);
			path = NotifyMe;
			sourceTree = "<group>";
		};
		E698AA7F1CE66135007A6D22 /* SubscribeExtension */ = {
			isa = PBXGroup;
			children = (
				E698AA801CE66135007A6D22 /* ActionViewController.swift */,
				E698AA821CE66135007A6D22 /* MainInterface.storyboard */,
				E698AA851CE66135007A6D22 /* Info.plist */,
				E698AA8D1CE661AA007A6D22 /* Action.js */,
			);
			path = SubscribeExtension;
			sourceTree = "<group>";
		};
/* End PBXGroup section */

/* Begin PBXNativeTarget section */
		E698AA641CE660C1007A6D22 /* NotifyMe */ = {
			isa = PBXNativeTarget;
			buildConfigurationList = E698AA771CE660C1007A6D22 /* Build configuration list for PBXNativeTarget "NotifyMe" */;
			buildPhases = (
				E698AA611CE660C1007A6D22 /* Sources */,
				E698AA621CE660C1007A6D22 /* Frameworks */,
				E698AA631CE660C1007A6D22 /* Resources */,
				E698AA8C1CE66136007A6D22 /* Embed App Extensions */,
			);
			buildRules = (
			);
			dependencies = (
				E698AA871CE66135007A6D22 /* PBXTargetDependency */,
			);
			name = NotifyMe;
			productName = NotifyMe;
			productReference = E698AA651CE660C1007A6D22 /* NotifyMe.app */;
			productType = "com.apple.product-type.application";
		};
		E698AA7D1CE66135007A6D22 /* SubscribeExtension */ = {
			isa = PBXNativeTarget;
			buildConfigurationList = E698AA891CE66136007A6D22 /* Build configuration list for PBXNativeTarget "SubscribeExtension" */;
			buildPhases = (
				E698AA7A1CE66135007A6D22 /* Sources */,
				E698AA7B1CE66135007A6D22 /* Frameworks */,
				E698AA7C1CE66135007A6D22 /* Resources */,
			);
			buildRules = (
			);
			dependencies = (
			);
			name = SubscribeExtension;
			productName = SubscribeExtension;
			productReference = E698AA7E1CE66135007A6D22 /* SubscribeExtension.appex */;
			productType = "com.apple.product-type.app-extension";
		};
/* End PBXNativeTarget section */

/* Begin PBXProject section */
		E698AA5D1CE660C1007A6D22 /* Project object */ = {
			isa = PBXProject;
			attributes = {
				LastSwiftUpdateCheck = 0730;
				LastUpgradeCheck = 0730;
				ORGANIZATIONNAME = Mozilla;
				TargetAttributes = {
					E698AA641CE660C1007A6D22 = {
						CreatedOnToolsVersion = 7.3.1;
					};
					E698AA7D1CE66135007A6D22 = {
						CreatedOnToolsVersion = 7.3.1;
					};
				};
			};
			buildConfigurationList = E698AA601CE660C1007A6D22 /* Build configuration list for PBXProject "NotifyMe" */;
			compatibilityVersion = "Xcode 3.2";
			developmentRegion = English;
			hasScannedForEncodings = 0;
			knownRegions = (
				en,
				Base,
			);
			mainGroup = E698AA5C1CE660C1007A6D22;
			productRefGroup = E698AA661CE660C1007A6D22 /* Products */;
			projectDirPath = "";
			projectRoot = "";
			targets = (
				E698AA641CE660C1007A6D22 /* NotifyMe */,
				E698AA7D1CE66135007A6D22 /* SubscribeExtension */,
			);
		};
/* End PBXProject section */

/* Begin PBXResourcesBuildPhase section */
		E698AA631CE660C1007A6D22 /* Resources */ = {
			isa = PBXResourcesBuildPhase;
			buildActionMask = 2147483647;
			files = (
				E698AA731CE660C1007A6D22 /* LaunchScreen.storyboard in Resources */,
				E698AA701CE660C1007A6D22 /* Assets.xcassets in Resources */,
				E698AA6E1CE660C1007A6D22 /* Main.storyboard in Resources */,
			);
			runOnlyForDeploymentPostprocessing = 0;
		};
		E698AA7C1CE66135007A6D22 /* Resources */ = {
			isa = PBXResourcesBuildPhase;
			buildActionMask = 2147483647;
			files = (
				E698AA8E1CE661AA007A6D22 /* Action.js in Resources */,
				E698AA841CE66135007A6D22 /* MainInterface.storyboard in Resources */,
			);
			runOnlyForDeploymentPostprocessing = 0;
		};
/* End PBXResourcesBuildPhase section */

/* Begin PBXSourcesBuildPhase section */
		E698AA611CE660C1007A6D22 /* Sources */ = {
			isa = PBXSourcesBuildPhase;
			buildActionMask = 2147483647;
			files = (
				E698AA6B1CE660C1007A6D22 /* ViewController.swift in Sources */,
				E698AA691CE660C1007A6D22 /* AppDelegate.swift in Sources */,
			);
			runOnlyForDeploymentPostprocessing = 0;
		};
		E698AA7A1CE66135007A6D22 /* Sources */ = {
			isa = PBXSourcesBuildPhase;
			buildActionMask = 2147483647;
			files = (
				E698AA811CE66135007A6D22 /* ActionViewController.swift in Sources */,
			);
			runOnlyForDeploymentPostprocessing = 0;
		};
/* End PBXSourcesBuildPhase section */

/* Begin PBXTargetDependency section */
		E698AA871CE66135007A6D22 /* PBXTargetDependency */ = {
			isa = PBXTargetDependency;
			target = E698AA7D1CE66135007A6D22 /* SubscribeExtension */;
			targetProxy = E698AA861CE66135007A6D22 /* PBXContainerItemProxy */;
		};
/* End PBXTargetDependency section */

/* Begin PBXVariantGroup section */
		E698AA6C1CE660C1007A6D22 /* Main.storyboard */ = {
			isa = PBXVariantGroup;
			children = (
				E698AA6D1CE660C1007A6D22 /* Base */,
			);
			name = Main.storyboard;
			sourceTree = "<group>";
		};
		E698AA711CE660C1007A6D22 /* LaunchScreen.storyboard */ = {
			isa = PBXVariantGroup;
			children = (
				E698AA721CE660C1007A6D22 /* Base */,
			);
			name = LaunchScreen.storyboard;
			sourceTree = "<group>";
		};
		E698AA821CE66135007A6D22 /* MainInterface.storyboard */ = {
			isa = PBXVariantGroup;
			children = (
				E698AA831CE66135007A6D22 /* Base */,
			);
			name = MainInterface.storyboard;
			sourceTree = "<group>";
		};
/* End PBXVariantGroup section */

/* Begin XCBuildConfiguration section */
		E698AA751CE660C1007A6D22 /* Debug */ = {
			isa = XCBuildConfiguration;
			buildSettings = {
				ALWAYS_SEARCH_USER_PATHS = NO;
				CLANG_ANALYZER_NONNULL = YES;
				CLANG_CXX_LANGUAGE_STANDARD = "gnu++0x";
				CLANG_CXX_LIBRARY = "libc++";
				CLANG_ENABLE_MODULES = YES;
				CLANG_ENABLE_OBJC_ARC = YES;
				CLANG_WARN_BOOL_CONVERSION = YES;
				CLANG_WARN_CONSTANT_CONVERSION = YES;
				CLANG_WARN_DIRECT_OBJC_ISA_USAGE = YES_ERROR;
				CLANG_WARN_EMPTY_BODY = YES;
				CLANG_WARN_ENUM_CONVERSION = YES;
				CLANG_WARN_INT_CONVERSION = YES;
				CLANG_WARN_OBJC_ROOT_CLASS = YES_ERROR;
				CLANG_WARN_UNREACHABLE_CODE = YES;
				CLANG_WARN__DUPLICATE_METHOD_MATCH = YES;
				"CODE_SIGN_IDENTITY[sdk=iphoneos*]" = "iPhone Developer";
				COPY_PHASE_STRIP = NO;
				DEBUG_INFORMATION_FORMAT = dwarf;
				ENABLE_STRICT_OBJC_MSGSEND = YES;
				ENABLE_TESTABILITY = YES;
				GCC_C_LANGUAGE_STANDARD = gnu99;
				GCC_DYNAMIC_NO_PIC = NO;
				GCC_NO_COMMON_BLOCKS = YES;
				GCC_OPTIMIZATION_LEVEL = 0;
				GCC_PREPROCESSOR_DEFINITIONS = (
					"DEBUG=1",
					"$(inherited)",
				);
				GCC_WARN_64_TO_32_BIT_CONVERSION = YES;
				GCC_WARN_ABOUT_RETURN_TYPE = YES_ERROR;
				GCC_WARN_UNDECLARED_SELECTOR = YES;
				GCC_WARN_UNINITIALIZED_AUTOS = YES_AGGRESSIVE;
				GCC_WARN_UNUSED_FUNCTION = YES;
				GCC_WARN_UNUSED_VARIABLE = YES;
				IPHONEOS_DEPLOYMENT_TARGET = 9.3;
				MTL_ENABLE_DEBUG_INFO = YES;
				ONLY_ACTIVE_ARCH = YES;
				SDKROOT = iphoneos;
				SWIFT_OPTIMIZATION_LEVEL = "-Onone";
				TARGETED_DEVICE_FAMILY = "1,2";
			};
			name = Debug;
		};
		E698AA761CE660C1007A6D22 /* Release */ = {
			isa = XCBuildConfiguration;
			buildSettings = {
				ALWAYS_SEARCH_USER_PATHS = NO;
				CLANG_ANALYZER_NONNULL = YES;
				CLANG_CXX_LANGUAGE_STANDARD = "gnu++0x";
				CLANG_CXX_LIBRARY = "libc++";
				CLANG_ENABLE_MODULES = YES;
				CLANG_ENABLE_OBJC_ARC = YES;
				CLANG_WARN_BOOL_CONVERSION = YES;
				CLANG_WARN_CONSTANT_CONVERSION = YES;
				CLANG_WARN_DIRECT_OBJC_ISA_USAGE = YES_ERROR;
				CLANG_WARN_EMPTY_BODY = YES;
				CLANG_WARN_ENUM_CONVERSION = YES;
				CLANG_WARN_INT_CONVERSION = YES;
				CLANG_WARN_OBJC_ROOT_CLASS = YES_ERROR;
				CLANG_WARN_UNREACHABLE_CODE = YES;
				CLANG_WARN__DUPLICATE_METHOD_MATCH = YES;
				"CODE_SIGN_IDENTITY[sdk=iphoneos*]" = "iPhone Developer";
				COPY_PHASE_STRIP = NO;
				DEBUG_INFORMATION_FORMAT = "dwarf-with-dsym";
				ENABLE_NS_ASSERTIONS = NO;
				ENABLE_STRICT_OBJC_MSGSEND = YES;
				GCC_C_LANGUAGE_STANDARD = gnu99;
				GCC_NO_COMMON_BLOCKS = YES;
				GCC_WARN_64_TO_32_BIT_CONVERSION = YES;
				GCC_WARN_ABOUT_RETURN_TYPE = YES_ERROR;
				GCC_WARN_UNDECLARED_SELECTOR = YES;
				GCC_WARN_UNINITIALIZED_AUTOS = YES_AGGRESSIVE;
				GCC_WARN_UNUSED_FUNCTION = YES;
				GCC_WARN_UNUSED_VARIABLE = YES;
				IPHONEOS_DEPLOYMENT_TARGET = 9.3;
				MTL_ENABLE_DEBUG_INFO = NO;
				SDKROOT = iphoneos;
				TARGETED_DEVICE_FAMILY = "1,2";
				VALIDATE_PRODUCT = YES;
			};
			name = Release;
		};
		E698AA781CE660C1007A6D22 /* Debug */ = {
			isa = XCBuildConfiguration;
			buildSettings = {
				ASSETCATALOG_COMPILER_APPICON_NAME = AppIcon;
				EMBEDDED_CONTENT_CONTAINS_SWIFT = YES;
				INFOPLIST_FILE = NotifyMe/Info.plist;
				LD_RUNPATH_SEARCH_PATHS = "$(inherited) @executable_path/Frameworks";
				PRODUCT_BUNDLE_IDENTIFIER = ca.sleroux.NotifyMe;
				PRODUCT_NAME = "$(TARGET_NAME)";
			};
			name = Debug;
		};
		E698AA791CE660C1007A6D22 /* Release */ = {
			isa = XCBuildConfiguration;
			buildSettings = {
				ASSETCATALOG_COMPILER_APPICON_NAME = AppIcon;
				EMBEDDED_CONTENT_CONTAINS_SWIFT = YES;
				INFOPLIST_FILE = NotifyMe/Info.plist;
				LD_RUNPATH_SEARCH_PATHS = "$(inherited) @executable_path/Frameworks";
				PRODUCT_BUNDLE_IDENTIFIER = ca.sleroux.NotifyMe;
				PRODUCT_NAME = "$(TARGET_NAME)";
			};
			name = Release;
		};
		E698AA8A1CE66136007A6D22 /* Debug */ = {
			isa = XCBuildConfiguration;
			buildSettings = {
				INFOPLIST_FILE = SubscribeExtension/Info.plist;
				LD_RUNPATH_SEARCH_PATHS = "$(inherited) @executable_path/Frameworks @executable_path/../../Frameworks";
				PRODUCT_BUNDLE_IDENTIFIER = ca.sleroux.NotifyMe.SubscribeExtension;
				PRODUCT_NAME = "$(TARGET_NAME)";
				SKIP_INSTALL = YES;
			};
			name = Debug;
		};
		E698AA8B1CE66136007A6D22 /* Release */ = {
			isa = XCBuildConfiguration;
			buildSettings = {
				INFOPLIST_FILE = SubscribeExtension/Info.plist;
				LD_RUNPATH_SEARCH_PATHS = "$(inherited) @executable_path/Frameworks @executable_path/../../Frameworks";
				PRODUCT_BUNDLE_IDENTIFIER = ca.sleroux.NotifyMe.SubscribeExtension;
				PRODUCT_NAME = "$(TARGET_NAME)";
				SKIP_INSTALL = YES;
			};
			name = Release;
		};
/* End XCBuildConfiguration section */

/* Begin XCConfigurationList section */
		E698AA601CE660C1007A6D22 /* Build configuration list for PBXProject "NotifyMe" */ = {
			isa = XCConfigurationList;
			buildConfigurations = (
				E698AA751CE660C1007A6D22 /* Debug */,
				E698AA761CE660C1007A6D22 /* Release */,
			);
			defaultConfigurationIsVisible = 0;
			defaultConfigurationName = Release;
		};
		E698AA771CE660C1007A6D22 /* Build configuration list for PBXNativeTarget "NotifyMe" */ = {
			isa = XCConfigurationList;
			buildConfigurations = (
				E698AA781CE660C1007A6D22 /* Debug */,
				E698AA791CE660C1007A6D22 /* Release */,
			);
			defaultConfigurationIsVisible = 0;
		};
		E698AA891CE66136007A6D22 /* Build configuration list for PBXNativeTarget "SubscribeExtension" */ = {
			isa = XCConfigurationList;
			buildConfigurations = (
				E698AA8A1CE66136007A6D22 /* Debug */,
				E698AA8B1CE66136007A6D22 /* Release */,
			);
			defaultConfigurationIsVisible = 0;
		};
/* End XCConfigurationList section */
	};
	rootObject = E698AA5D1CE660C1007A6D22 /* Project object */;
}
